
Microsoft Visual Studio Solution File, Format Version 12.00
# Visual Studio Version 16
VisualStudioVersion = 16.0.31112.23
MinimumVisualStudioVersion = 10.0.40219.1
Project("{9A19103F-16F7-4668-BE54-9A1E7A4F7556}") = "anki", "Telegram.Bot.Examples.Polling\anki.csproj", "{42BD2036-746D-4890-86EF-C9A6C158ABB6}"
EndProject
Global
	GlobalSection(SolutionConfigurationPlatforms) = preSolution
		Debug|Any CPU = Debug|Any CPU
		Release|Any CPU = Release|Any CPU
	EndGlobalSection
	GlobalSection(ProjectConfigurationPlatforms) = postSolution
		{42BD2036-746D-4890-86EF-C9A6C158ABB6}.Debug|Any CPU.ActiveCfg = Debug|Any CPU
		{42BD2036-746D-4890-86EF-C9A6C158ABB6}.Debug|Any CPU.Build.0 = Debug|Any CPU
		{42BD2036-746D-4890-86EF-C9A6C158ABB6}.Release|Any CPU.ActiveCfg = Release|Any CPU
		{42BD2036-746D-4890-86EF-C9A6C158ABB6}.Release|Any CPU.Build.0 = Release|Any CPU
	EndGlobalSection
	GlobalSection(SolutionProperties) = preSolution
		HideSolutionNode = FALSE
	EndGlobalSection
	GlobalSection(ExtensibilityGlobals) = postSolution
		SolutionGuid = {C6D5A009-B27F-4323-A76F-457EA4B01B8F}
	EndGlobalSection
EndGlobal
